
Microsoft Visual Studio Solution File, Format Version 11.00
# Visual Studio 2010
Project("{FAE04EC0-301F-11D3-BF4B-00C04F79EFBC}") = "ExternalRuleSetTool", "ExternalRuleSetTool\ExternalRuleSetTool.csproj", "{C9E7255D-464F-4A65-B398-F78E8F405697}"
EndProject
Project("{FAE04EC0-301F-11D3-BF4B-00C04F79EFBC}") = "ExternalRuleSetLibrary", "ExternalRuleSetLibrary\ExternalRuleSetLibrary.csproj", "{04D3CAD9-7CFC-4ED1-971A-15526CEF6C00}"
EndProject
Project("{FAE04EC0-301F-11D3-BF4B-00C04F79EFBC}") = "ExternalRuleSetService", "ExternalRuleSetService\ExternalRuleSetService.csproj", "{39062704-7861-4352-A86D-57F85F6A8AC5}"
EndProject
Project("{FAE04EC0-301F-11D3-BF4B-00C04F79EFBC}") = "ExternalRuleSetHandler", "ExternalRuleSetHandler\ExternalRuleSetHandler.csproj", "{CEFDAFBC-2C23-4978-9B90-7A60A6705D85}"
EndProject
Project("{FAE04EC0-301F-11D3-BF4B-00C04F79EFBC}") = "ExternalRuleSetTestClient", "ExternalRuleSetTestClient\ExternalRuleSetTestClient.csproj", "{C17F06E2-E9F2-437C-8FDA-7CB7EF82E519}"
EndProject
Global
	GlobalSection(SolutionConfigurationPlatforms) = preSolution
		Debug|Any CPU = Debug|Any CPU
		Debug|Mixed Platforms = Debug|Mixed Platforms
		Debug|x86 = Debug|x86
		Release|Any CPU = Release|Any CPU
		Release|Mixed Platforms = Release|Mixed Platforms
		Release|x86 = Release|x86
	EndGlobalSection
	GlobalSection(ProjectConfigurationPlatforms) = postSolution
		{C9E7255D-464F-4A65-B398-F78E8F405697}.Debug|Any CPU.ActiveCfg = Debug|Any CPU
		{C9E7255D-464F-4A65-B398-F78E8F405697}.Debug|Any CPU.Build.0 = Debug|Any CPU
		{C9E7255D-464F-4A65-B398-F78E8F405697}.Debug|Mixed Platforms.ActiveCfg = Debug|Any CPU
		{C9E7255D-464F-4A65-B398-F78E8F405697}.Debug|Mixed Platforms.Build.0 = Debug|Any CPU
		{C9E7255D-464F-4A65-B398-F78E8F405697}.Debug|x86.ActiveCfg = Debug|Any CPU
		{C9E7255D-464F-4A65-B398-F78E8F405697}.Release|Any CPU.ActiveCfg = Release|Any CPU
		{C9E7255D-464F-4A65-B398-F78E8F405697}.Release|Any CPU.Build.0 = Release|Any CPU
		{C9E7255D-464F-4A65-B398-F78E8F405697}.Release|Mixed Platforms.ActiveCfg = Release|Any CPU
		{C9E7255D-464F-4A65-B398-F78E8F405697}.Release|Mixed Platforms.Build.0 = Release|Any CPU
		{C9E7255D-464F-4A65-B398-F78E8F405697}.Release|x86.ActiveCfg = Release|Any CPU
		{04D3CAD9-7CFC-4ED1-971A-15526CEF6C00}.Debug|Any CPU.ActiveCfg = Debug|Any CPU
		{04D3CAD9-7CFC-4ED1-971A-15526CEF6C00}.Debug|Any CPU.Build.0 = Debug|Any CPU
		{04D3CAD9-7CFC-4ED1-971A-15526CEF6C00}.Debug|Mixed Platforms.ActiveCfg = Debug|Any CPU
		{04D3CAD9-7CFC-4ED1-971A-15526CEF6C00}.Debug|Mixed Platforms.Build.0 = Debug|Any CPU
		{04D3CAD9-7CFC-4ED1-971A-15526CEF6C00}.Debug|x86.ActiveCfg = Debug|Any CPU
		{04D3CAD9-7CFC-4ED1-971A-15526CEF6C00}.Release|Any CPU.ActiveCfg = Release|Any CPU
		{04D3CAD9-7CFC-4ED1-971A-15526CEF6C00}.Release|Any CPU.Build.0 = Release|Any CPU
		{04D3CAD9-7CFC-4ED1-971A-15526CEF6C00}.Release|Mixed Platforms.ActiveCfg = Release|Any CPU
		{04D3CAD9-7CFC-4ED1-971A-15526CEF6C00}.Release|Mixed Platforms.Build.0 = Release|Any CPU
		{04D3CAD9-7CFC-4ED1-971A-15526CEF6C00}.Release|x86.ActiveCfg = Release|Any CPU
		{39062704-7861-4352-A86D-57F85F6A8AC5}.Debug|Any CPU.ActiveCfg = Debug|Any CPU
		{39062704-7861-4352-A86D-57F85F6A8AC5}.Debug|Any CPU.Build.0 = Debug|Any CPU
		{39062704-7861-4352-A86D-57F85F6A8AC5}.Debug|Mixed Platforms.ActiveCfg = Debug|Any CPU
		{39062704-7861-4352-A86D-57F85F6A8AC5}.Debug|Mixed Platforms.Build.0 = Debug|Any CPU
		{39062704-7861-4352-A86D-57F85F6A8AC5}.Debug|x86.ActiveCfg = Debug|Any CPU
		{39062704-7861-4352-A86D-57F85F6A8AC5}.Release|Any CPU.ActiveCfg = Release|Any CPU
		{39062704-7861-4352-A86D-57F85F6A8AC5}.Release|Any CPU.Build.0 = Release|Any CPU
		{39062704-7861-4352-A86D-57F85F6A8AC5}.Release|Mixed Platforms.ActiveCfg = Release|Any CPU
		{39062704-7861-4352-A86D-57F85F6A8AC5}.Release|Mixed Platforms.Build.0 = Release|Any CPU
		{39062704-7861-4352-A86D-57F85F6A8AC5}.Release|x86.ActiveCfg = Release|Any CPU
		{CEFDAFBC-2C23-4978-9B90-7A60A6705D85}.Debug|Any CPU.ActiveCfg = Debug|Any CPU
		{CEFDAFBC-2C23-4978-9B90-7A60A6705D85}.Debug|Any CPU.Build.0 = Debug|Any CPU
		{CEFDAFBC-2C23-4978-9B90-7A60A6705D85}.Debug|Mixed Platforms.ActiveCfg = Debug|Any CPU
		{CEFDAFBC-2C23-4978-9B90-7A60A6705D85}.Debug|Mixed Platforms.Build.0 = Debug|Any CPU
		{CEFDAFBC-2C23-4978-9B90-7A60A6705D85}.Debug|x86.ActiveCfg = Debug|Any CPU
		{CEFDAFBC-2C23-4978-9B90-7A60A6705D85}.Release|Any CPU.ActiveCfg = Release|Any CPU
		{CEFDAFBC-2C23-4978-9B90-7A60A6705D85}.Release|Any CPU.Build.0 = Release|Any CPU
		{CEFDAFBC-2C23-4978-9B90-7A60A6705D85}.Release|Mixed Platforms.ActiveCfg = Release|Any CPU
		{CEFDAFBC-2C23-4978-9B90-7A60A6705D85}.Release|Mixed Platforms.Build.0 = Release|Any CPU
		{CEFDAFBC-2C23-4978-9B90-7A60A6705D85}.Release|x86.ActiveCfg = Release|Any CPU
		{C17F06E2-E9F2-437C-8FDA-7CB7EF82E519}.Debug|Any CPU.ActiveCfg = Debug|x86
		{C17F06E2-E9F2-437C-8FDA-7CB7EF82E519}.Debug|Mixed Platforms.ActiveCfg = Debug|x86
		{C17F06E2-E9F2-437C-8FDA-7CB7EF82E519}.Debug|Mixed Platforms.Build.0 = Debug|x86
		{C17F06E2-E9F2-437C-8FDA-7CB7EF82E519}.Debug|x86.ActiveCfg = Debug|x86
		{C17F06E2-E9F2-437C-8FDA-7CB7EF82E519}.Debug|x86.Build.0 = Debug|x86
		{C17F06E2-E9F2-437C-8FDA-7CB7EF82E519}.Release|Any CPU.ActiveCfg = Release|x86
		{C17F06E2-E9F2-437C-8FDA-7CB7EF82E519}.Release|Mixed Platforms.ActiveCfg = Release|x86
		{C17F06E2-E9F2-437C-8FDA-7CB7EF82E519}.Release|Mixed Platforms.Build.0 = Release|x86
		{C17F06E2-E9F2-437C-8FDA-7CB7EF82E519}.Release|x86.ActiveCfg = Release|x86
		{C17F06E2-E9F2-437C-8FDA-7CB7EF82E519}.Release|x86.Build.0 = Release|x86
	EndGlobalSection
	GlobalSection(SolutionProperties) = preSolution
		HideSolutionNode = FALSE
	EndGlobalSection
EndGlobal
